{
  "name": "alest2-ipfilters",
  "version": "1.0.0",
  "lockfileVersion": 1,
  "requires": true,
  "dependencies": {
    "binary-search-tree": {
      "version": "0.2.6",
      "resolved": "https://registry.npmjs.org/binary-search-tree/-/binary-search-tree-0.2.6.tgz",
      "integrity": "sha1-xtKRlOKGgn/P/geQEOa/d97xDOM=",
      "requires": {
        "underscore": "~1.4.4"
      }
    },
    "underscore": {
      "version": "1.4.4",
      "resolved": "https://registry.npmjs.org/underscore/-/underscore-1.4.4.tgz",
      "integrity": "sha1-YaajIBBiKvoHljvzJSA88SI51gQ="
    }
  }
}
